
Microsoft Visual Studio Solution File, Format Version 12.00
# Visual Studio Version 16
VisualStudioVersion = 16.0.30128.74
MinimumVisualStudioVersion = 10.0.40219.1
Project("{FAE04EC0-301F-11D3-BF4B-00C04F79EFBC}") = "Test_Al", "Test_Al\Test_Al.csproj", "{8527D0CF-8846-48CE-B905-C5530E79FAEA}"
EndProject
Global
	GlobalSection(SolutionConfigurationPlatforms) = preSolution
		Debug|Any CPU = Debug|Any CPU
		Release|Any CPU = Release|Any CPU
	EndGlobalSection
	GlobalSection(ProjectConfigurationPlatforms) = postSolution
		{8527D0CF-8846-48CE-B905-C5530E79FAEA}.Debug|Any CPU.ActiveCfg = Debug|Any CPU
		{8527D0CF-8846-48CE-B905-C5530E79FAEA}.Debug|Any CPU.Build.0 = Debug|Any CPU
		{8527D0CF-8846-48CE-B905-C5530E79FAEA}.Release|Any CPU.ActiveCfg = Release|Any CPU
		{8527D0CF-8846-48CE-B905-C5530E79FAEA}.Release|Any CPU.Build.0 = Release|Any CPU
	EndGlobalSection
	GlobalSection(SolutionProperties) = preSolution
		HideSolutionNode = FALSE
	EndGlobalSection
	GlobalSection(ExtensibilityGlobals) = postSolution
		SolutionGuid = {A1D37301-DEF5-4D28-BF7B-2BE171F3FB39}
	EndGlobalSection
EndGlobal
