
Microsoft Visual Studio Solution File, Format Version 12.00
# Visual Studio Version 16
VisualStudioVersion = 16.0.30128.74
MinimumVisualStudioVersion = 10.0.40219.1
Project("{FAE04EC0-301F-11D3-BF4B-00C04F79EFBC}") = "savemoneyGUI", "savemoneyGUI\savemoneyGUI.csproj", "{A8FA4716-9297-4F72-8732-46ABBAF8ACFE}"
EndProject
Global
	GlobalSection(SolutionConfigurationPlatforms) = preSolution
		Debug|Any CPU = Debug|Any CPU
		Release|Any CPU = Release|Any CPU
	EndGlobalSection
	GlobalSection(ProjectConfigurationPlatforms) = postSolution
		{A8FA4716-9297-4F72-8732-46ABBAF8ACFE}.Debug|Any CPU.ActiveCfg = Debug|Any CPU
		{A8FA4716-9297-4F72-8732-46ABBAF8ACFE}.Debug|Any CPU.Build.0 = Debug|Any CPU
		{A8FA4716-9297-4F72-8732-46ABBAF8ACFE}.Release|Any CPU.ActiveCfg = Release|Any CPU
		{A8FA4716-9297-4F72-8732-46ABBAF8ACFE}.Release|Any CPU.Build.0 = Release|Any CPU
	EndGlobalSection
	GlobalSection(SolutionProperties) = preSolution
		HideSolutionNode = FALSE
	EndGlobalSection
	GlobalSection(ExtensibilityGlobals) = postSolution
		SolutionGuid = {D754BE44-5FFA-46ED-95E2-FB899F22DE48}
	EndGlobalSection
EndGlobal
