
Microsoft Visual Studio Solution File, Format Version 12.00
# Visual Studio Version 16
VisualStudioVersion = 16.0.30104.148
MinimumVisualStudioVersion = 10.0.40219.1
Project("{FAE04EC0-301F-11D3-BF4B-00C04F79EFBC}") = "Calculeta_Money", "Calculeta_Money\Calculeta_Money.csproj", "{7940860A-6AAE-43B2-94F1-7398293EA1F1}"
EndProject
Global
	GlobalSection(SolutionConfigurationPlatforms) = preSolution
		Debug|Any CPU = Debug|Any CPU
		Release|Any CPU = Release|Any CPU
	EndGlobalSection
	GlobalSection(ProjectConfigurationPlatforms) = postSolution
		{7940860A-6AAE-43B2-94F1-7398293EA1F1}.Debug|Any CPU.ActiveCfg = Debug|Any CPU
		{7940860A-6AAE-43B2-94F1-7398293EA1F1}.Debug|Any CPU.Build.0 = Debug|Any CPU
		{7940860A-6AAE-43B2-94F1-7398293EA1F1}.Release|Any CPU.ActiveCfg = Release|Any CPU
		{7940860A-6AAE-43B2-94F1-7398293EA1F1}.Release|Any CPU.Build.0 = Release|Any CPU
	EndGlobalSection
	GlobalSection(SolutionProperties) = preSolution
		HideSolutionNode = FALSE
	EndGlobalSection
	GlobalSection(ExtensibilityGlobals) = postSolution
		SolutionGuid = {B92608F7-8BD0-49A2-8DD1-41FF32974923}
	EndGlobalSection
EndGlobal
